// !$*UTF8*$!
{
	archiveVersion = 1;
	classes = {
	};
	objectVersion = 46;
	objects = {

/* Begin PBXBuildFile section */
		0207DA581B56EA530066E2B4 /* Images.xcassets in Resources */ = {isa = PBXBuildFile; fileRef = 0207DA571B56EA530066E2B4 /* Images.xcassets */; };
		026B513FF16D466B9ED96BE3 /* CDVWKWebViewFileXhr.m in Sources */ = {isa = PBXBuildFile; fileRef = 9D01D8B258884EFFB2242AE8 /* CDVWKWebViewFileXhr.m */; };
		039FF9E3E62146769309D088 /* CDVWKWebViewUIDelegate.m in Sources */ = {isa = PBXBuildFile; fileRef = 9E9A4EC4DE9247DF9A3ADCC0 /* CDVWKWebViewUIDelegate.m */; };
		03C673CD20DC471AA93B4063 /* CDVGlobalization.m in Sources */ = {isa = PBXBuildFile; fileRef = 1EB70ED3E931429E9E4048B7 /* CDVGlobalization.m */; };
		0BD973691C31428D94DCA43F /* CDVSplashScreen.m in Sources */ = {isa = PBXBuildFile; fileRef = 72DBD9EE9B104FED9B4FC308 /* CDVSplashScreen.m */; };
		0CE392B0567548D3A949EC7A /* sqlite3.c in Sources */ = {isa = PBXBuildFile; fileRef = 04BE7C31055746E7B5D748EA /* sqlite3.c */; settings = {COMPILER_FLAGS = "-w -DSQLITE_THREADSAFE=1 -DSQLITE_DEFAULT_SYNCHRONOUS=3 -DSQLITE_DEFAULT_MEMSTATUS=0 -DSQLITE_OMIT_DECLTYPE -DSQLITE_OMIT_DEPRECATED -DSQLITE_OMIT_PROGRESS_CALLBACK -DSQLITE_OMIT_SHARED_CACHE -DSQLITE_TEMP_STORE=2 -DSQLITE_OMIT_LOAD_EXTENSION -DSQLITE_ENABLE_FTS3 -DSQLITE_ENABLE_FTS3_PARENTHESIS -DSQLITE_ENABLE_FTS4 -DSQLITE_ENABLE_RTREE -DSQLITE_DEFAULT_PAGE_SIZE=4096"; }; };
		0FBEB331019642EEA9611F5B /* GCDWebServerStreamedResponse.m in Sources */ = {isa = PBXBuildFile; fileRef = 4AF5BE5CDF9A4920A6D7922D /* GCDWebServerStreamedResponse.m */; };
		1D3623260D0F684500981E51 /* AppDelegate.m in Sources */ = {isa = PBXBuildFile; fileRef = 1D3623250D0F684500981E51 /* AppDelegate.m */; };
		1D60589B0D05DD56006BFB54 /* main.m in Sources */ = {isa = PBXBuildFile; fileRef = 29B97316FDCFA39411CA2CEA /* main.m */; };
		1E99C5458E3F48AE961E1F74 /* GCDWebServerFileResponse.m in Sources */ = {isa = PBXBuildFile; fileRef = 6C351EFA2A14413DA970A4EA /* GCDWebServerFileResponse.m */; };
		1EB88391188044D1916C0DDF /* GCDWebServerConnection.m in Sources */ = {isa = PBXBuildFile; fileRef = 823ECAB64C2B4AA497CFCDC7 /* GCDWebServerConnection.m */; };
		203AC9DC286B4F8A8A99E5DB /* CDVLocalFilesystem.m in Sources */ = {isa = PBXBuildFile; fileRef = 57FA9A6403D949DBADF7FC84 /* CDVLocalFilesystem.m */; };
		228124C8C01E4C0BAAB83610 /* CDVNotification.bundle in Resources */ = {isa = PBXBuildFile; fileRef = 52E0D4DFE33342C1814791EA /* CDVNotification.bundle */; };
		252C1D9953EC47388D37F958 /* SQLitePlugin.m in Sources */ = {isa = PBXBuildFile; fileRef = 7B334AD89CE54A57BD2AC401 /* SQLitePlugin.m */; };
		29693B8980E243249319EE4E /* CDVInAppBrowserNavigationController.m in Sources */ = {isa = PBXBuildFile; fileRef = 678688E8564C4238935755EB /* CDVInAppBrowserNavigationController.m */; };
		2C7C2DA1630F45799EC7D583 /* CDVStatusBar.m in Sources */ = {isa = PBXBuildFile; fileRef = 9B7261D7A4FC4A648C2E55DD /* CDVStatusBar.m */; };
		301BF552109A68D80062928A /* libCordova.a in Frameworks */ = {isa = PBXBuildFile; fileRef = 301BF535109A57CC0062928A /* libCordova.a */; settings = {ATTRIBUTES = (Required, ); }; };
		302D95F114D2391D003F00A1 /* MainViewController.m in Sources */ = {isa = PBXBuildFile; fileRef = 302D95EF14D2391D003F00A1 /* MainViewController.m */; };
		302D95F214D2391D003F00A1 /* MainViewController.xib in Resources */ = {isa = PBXBuildFile; fileRef = 302D95F014D2391D003F00A1 /* MainViewController.xib */; };
		3336B7F80EF8406B8AA0295B /* GCDWebServerResponse.m in Sources */ = {isa = PBXBuildFile; fileRef = D042E8E6F03747E88D362EEF /* GCDWebServerResponse.m */; };
		37FA5B17FF1043408CDC722E /* CDVDevice.m in Sources */ = {isa = PBXBuildFile; fileRef = 6E6A28EABBAF41A094E86B96 /* CDVDevice.m */; };
		44D9035ACE68401E89A470C0 /* CustomPSPDFThreadSafeMutableDictionary.m in Sources */ = {isa = PBXBuildFile; fileRef = 82A6976D4E2D45258B5ED085 /* CustomPSPDFThreadSafeMutableDictionary.m */; settings = {COMPILER_FLAGS = "-w"; }; };
		468CAA754EE744B29A83912E /* CoreLocation.framework in Frameworks */ = {isa = PBXBuildFile; fileRef = 76467BBF005540C2A4740826 /* CoreLocation.framework */; };
		4AA029FF88714B7EA514CE54 /* GCDWebServerErrorResponse.m in Sources */ = {isa = PBXBuildFile; fileRef = A4A968ACFF3C4884B673CE80 /* GCDWebServerErrorResponse.m */; };
		556F1BDFD93A4ADA9C4852E2 /* CDVWKProcessPoolFactory.m in Sources */ = {isa = PBXBuildFile; fileRef = 71FDE1CD21E44236839003F1 /* CDVWKProcessPoolFactory.m */; };
		5DDB1F8CED604699877582C3 /* AudioToolbox.framework in Frameworks */ = {isa = PBXBuildFile; fileRef = 2296A9F63BD64DB78D030B6C /* AudioToolbox.framework */; settings = {ATTRIBUTES = (Weak, ); }; };
		5FCC9F167EF247E9BC94C6AE /* DatePicker.m in Sources */ = {isa = PBXBuildFile; fileRef = EE8D235C7E4B48408CEC40F4 /* DatePicker.m */; };
		606A8AF13CEF4042980BA576 /* CDVFileHash.m in Sources */ = {isa = PBXBuildFile; fileRef = AB53168849E947B0AE229257 /* CDVFileHash.m */; };
		624C5560A90E453A93C69CDA /* ECASMobilePlugin.m in Sources */ = {isa = PBXBuildFile; fileRef = 1967CE94125E4E6AB83E402E /* ECASMobilePlugin.m */; };
		64FBF06B93394DE7988421C6 /* CDVUIInAppBrowser.m in Sources */ = {isa = PBXBuildFile; fileRef = AFAF913CBCC0461E8E26240C /* CDVUIInAppBrowser.m */; };
		666389B44E0248B0BD222D54 /* WebKit.framework in Frameworks */ = {isa = PBXBuildFile; fileRef = 04E040092AD1454BB7D77018 /* WebKit.framework */; settings = {ATTRIBUTES = (Weak, ); }; };
		6AFF5BF91D6E424B00AB3073 /* CDVLaunchScreen.storyboard in Resources */ = {isa = PBXBuildFile; fileRef = 6AFF5BF81D6E424B00AB3073 /* CDVLaunchScreen.storyboard */; };
		6E8734DAE6204D458FE230C9 /* DatePicker.xib in Resources */ = {isa = PBXBuildFile; fileRef = 7E9B6FA4AD7F4F40A498B9F9 /* DatePicker.xib */; };
		71FB72B7171A411993161DB4 /* SignInWithApple.m in Sources */ = {isa = PBXBuildFile; fileRef = 01DB99A718AB4BB486A26E08 /* SignInWithApple.m */; };
		78E3DB278B924A6E9891D429 /* GCDWebServerFileRequest.m in Sources */ = {isa = PBXBuildFile; fileRef = 9E7E2E70C8B146E1BE95BD84 /* GCDWebServerFileRequest.m */; };
		7B7A7D96A7534F6493BF70E2 /* GCDWebServerDataRequest.m in Sources */ = {isa = PBXBuildFile; fileRef = 94453150B7044386BE1C7FDC /* GCDWebServerDataRequest.m */; };
		7BFB185AA87F46BDBE10A49D /* CDVInAppBrowser.m in Sources */ = {isa = PBXBuildFile; fileRef = 3B4609887AAA4318A7492DC6 /* CDVInAppBrowser.m */; };
		7E4052A2D7E14AB58A82C78E /* CDVFile.m in Sources */ = {isa = PBXBuildFile; fileRef = 9B057CEF79F74F73900F1C26 /* CDVFile.m */; };
		832EAD266DA4435CBAAEAD20 /* CDVReachability.m in Sources */ = {isa = PBXBuildFile; fileRef = 160A818EE4CA4ADAAFBDA88C /* CDVReachability.m */; };
		936B63B21E0447B3B7D704DB /* GCDWebServerDataResponse.m in Sources */ = {isa = PBXBuildFile; fileRef = 80606D4666D5472890FC80C3 /* GCDWebServerDataResponse.m */; };
		9A3BB05CD49D4B00B3A0BED7 /* CoreTelephony.framework in Frameworks */ = {isa = PBXBuildFile; fileRef = B425938C6C9F421386206142 /* CoreTelephony.framework */; };
		9E559FEF23744889AD722959 /* GCDWebServerFunctions.m in Sources */ = {isa = PBXBuildFile; fileRef = 27691D62B1E040FF90BB6FEF /* GCDWebServerFunctions.m */; };
		B4C7932062934BA4B6282175 /* SignInWithApple.h in Sources */ = {isa = PBXBuildFile; fileRef = 6EFFD51550F74B70880F224F /* SignInWithApple.h */; };
		B6246D41A75348CF8CF6C6BE /* CDVAssetLibraryFilesystem.m in Sources */ = {isa = PBXBuildFile; fileRef = E75C674912164B5CAC35C891 /* CDVAssetLibraryFilesystem.m */; };
		C6D75BE4B1B44AED86874189 /* CDVConnection.m in Sources */ = {isa = PBXBuildFile; fileRef = 01599BF8F3624095BCBA595C /* CDVConnection.m */; };
		CB9A1480CF5E44979E31D9A7 /* GCDWebServerRequest.m in Sources */ = {isa = PBXBuildFile; fileRef = FCF104281C4846C6B8716914 /* GCDWebServerRequest.m */; };
		D054281740954A03B07CAE34 /* CDVLocation.m in Sources */ = {isa = PBXBuildFile; fileRef = 7F51A08506384F3E9D7B6C49 /* CDVLocation.m */; };
		D33ECC00B8F848EDB552F400 /* CDVViewController+SplashScreen.m in Sources */ = {isa = PBXBuildFile; fileRef = 9F8831299D014AA2AAFA9A04 /* CDVViewController+SplashScreen.m */; };
		D934DFB92B4E489F8BF222BD /* CDVWKInAppBrowserUIDelegate.m in Sources */ = {isa = PBXBuildFile; fileRef = A1A4529D151640409314A1B4 /* CDVWKInAppBrowserUIDelegate.m */; };
		DA5A5EBC09CE4094B8069C57 /* GCDWebServer.m in Sources */ = {isa = PBXBuildFile; fileRef = C48CBE0769A343A4BC338CF2 /* GCDWebServer.m */; };
		DF52129BDBCC431DB75CAD37 /* libz.tbd in Frameworks */ = {isa = PBXBuildFile; fileRef = 9B4160AE80CF4D18BB4A2425 /* libz.tbd */; };
		E080BC0D6C1146488AEF0881 /* CDVWKWebViewEngine.m in Sources */ = {isa = PBXBuildFile; fileRef = C92AD55910B0434997AAD8C5 /* CDVWKWebViewEngine.m */; };
		E1E945C519A347D3A921E434 /* SystemConfiguration.framework in Frameworks */ = {isa = PBXBuildFile; fileRef = 7A6E913C30354ECDAB6A6D91 /* SystemConfiguration.framework */; settings = {ATTRIBUTES = (Weak, ); }; };
		E7A86E728813421EA41C2B91 /* libECASMobileClientSDK.a in Frameworks */ = {isa = PBXBuildFile; fileRef = 603A836B4B6E4813BAA666F3 /* libECASMobileClientSDK.a */; };
		EA4E0969FF094C569F7EC063 /* GCDWebServerURLEncodedFormRequest.m in Sources */ = {isa = PBXBuildFile; fileRef = 1F7A0B1C2EF14721871BB88A /* GCDWebServerURLEncodedFormRequest.m */; };
		EA5D89DFF55E40E5AFB12259 /* CDVMobileAccessibility.m in Sources */ = {isa = PBXBuildFile; fileRef = E7DCBC666D63449F8AE1A9AD /* CDVMobileAccessibility.m */; };
		EC8304F4F9F04C739665A518 /* CDVNotification.m in Sources */ = {isa = PBXBuildFile; fileRef = 1E8261C0CB9945718763DC7F /* CDVNotification.m */; };
		F0977ECFD2AF4983AB7D658E /* MediaAccessibility.framework in Frameworks */ = {isa = PBXBuildFile; fileRef = 5B14241249D2402C81EC5DB7 /* MediaAccessibility.framework */; settings = {ATTRIBUTES = (Weak, ); }; };
		F384679E79804EE0BCA011BB /* GCDWebServerMultiPartFormRequest.m in Sources */ = {isa = PBXBuildFile; fileRef = 011263A3F78D4808AC225338 /* GCDWebServerMultiPartFormRequest.m */; };
		F7659406B005466A8F6F1336 /* CDVInAppBrowserOptions.m in Sources */ = {isa = PBXBuildFile; fileRef = 376117EB2CB549DFBCF3AD6E /* CDVInAppBrowserOptions.m */; };
		FBD761FAC70E491D81D77D92 /* CDVWKInAppBrowser.m in Sources */ = {isa = PBXBuildFile; fileRef = 265CCDCC6E0C4F1B84BB4AF4 /* CDVWKInAppBrowser.m */; };
		FD10C02B83484A76AB17A5BF /* IonicKeyboard.m in Sources */ = {isa = PBXBuildFile; fileRef = 0535F702E4614A5F9A437C47 /* IonicKeyboard.m */; };
		964EE9984BB54F65A9069AC8 /* UIImage+CropScaleOrientation.m in Sources */ = {isa = PBXBuildFile; fileRef = D399C276B5BF45A58BF935AF /* UIImage+CropScaleOrientation.m */; };
		F061D602C82F427BB4472602 /* CDVCamera.m in Sources */ = {isa = PBXBuildFile; fileRef = 03C86FF45C9E4972B4FF39B4 /* CDVCamera.m */; };
		7CB5789AB257401A9404DBBE /* CDVJpegHeaderWriter.m in Sources */ = {isa = PBXBuildFile; fileRef = 1A220FBE0D1841CB85C904D7 /* CDVJpegHeaderWriter.m */; };
		39EE4C468A1343668D43E018 /* ImageIO.framework in Frameworks */ = {isa = PBXBuildFile; fileRef = A4015F8CC2364F678967FDA9 /* ImageIO.framework */; settings = {ATTRIBUTES = (Weak, ); }; };
		3F84822101354772B52CAD31 /* AVFoundation.framework in Frameworks */ = {isa = PBXBuildFile; fileRef = AC3894A6D0DA405D84482586 /* AVFoundation.framework */; };
/* End PBXBuildFile section */

/* Begin PBXContainerItemProxy section */
		301BF534109A57CC0062928A /* PBXContainerItemProxy */ = {
			isa = PBXContainerItemProxy;
			containerPortal = 301BF52D109A57CC0062928A /* CordovaLib.xcodeproj */;
			proxyType = 2;
			remoteGlobalIDString = D2AAC07E0554694100DB518D;
			remoteInfo = CordovaLib;
		};
		301BF550109A68C00062928A /* PBXContainerItemProxy */ = {
			isa = PBXContainerItemProxy;
			containerPortal = 301BF52D109A57CC0062928A /* CordovaLib.xcodeproj */;
			proxyType = 1;
			remoteGlobalIDString = D2AAC07D0554694100DB518D;
			remoteInfo = CordovaLib;
		};
		907D8123214C687600058A10 /* PBXContainerItemProxy */ = {
			isa = PBXContainerItemProxy;
			containerPortal = 301BF52D109A57CC0062928A /* CordovaLib.xcodeproj */;
			proxyType = 2;
			remoteGlobalIDString = C0C01EB21E3911D50056E6CB;
			remoteInfo = Cordova;
		};
/* End PBXContainerItemProxy section */

/* Begin PBXFileReference section */
		011263A3F78D4808AC225338 /* GCDWebServerMultiPartFormRequest.m */ = {isa = PBXFileReference; explicitFileType = undefined; fileEncoding = 4; includeInIndex = 0; lastKnownFileType = sourcecode.c.objc; name = GCDWebServerMultiPartFormRequest.m; path = "cordova-plugin-ionic-webview/GCDWebServerMultiPartFormRequest.m"; sourceTree = "<group>"; };
		01599BF8F3624095BCBA595C /* CDVConnection.m */ = {isa = PBXFileReference; explicitFileType = undefined; fileEncoding = 4; includeInIndex = 0; lastKnownFileType = sourcecode.c.objc; name = CDVConnection.m; path = "cordova-plugin-network-information/CDVConnection.m"; sourceTree = "<group>"; };
		01DB99A718AB4BB486A26E08 /* SignInWithApple.m */ = {isa = PBXFileReference; explicitFileType = undefined; fileEncoding = 4; includeInIndex = 0; lastKnownFileType = sourcecode.c.objc; name = SignInWithApple.m; path = "cordova-plugin-sign-in-with-apple/SignInWithApple.m"; sourceTree = "<group>"; };
		0207DA571B56EA530066E2B4 /* Images.xcassets */ = {isa = PBXFileReference; lastKnownFileType = folder.assetcatalog; name = Images.xcassets; path = "Invasive Alien Species Europe/Images.xcassets"; sourceTree = SOURCE_ROOT; };
		032F8A63CABE4FD58E74B37A /* IonicKeyboard.h */ = {isa = PBXFileReference; explicitFileType = undefined; fileEncoding = 4; includeInIndex = 0; lastKnownFileType = sourcecode.c.h; name = IonicKeyboard.h; path = "ionic-plugin-keyboard/IonicKeyboard.h"; sourceTree = "<group>"; };
		0457E62EC13C499E802801A0 /* CDVWKInAppBrowserUIDelegate.h */ = {isa = PBXFileReference; explicitFileType = undefined; fileEncoding = 4; includeInIndex = 0; lastKnownFileType = sourcecode.c.h; name = CDVWKInAppBrowserUIDelegate.h; path = "cordova-plugin-inappbrowser/CDVWKInAppBrowserUIDelegate.h"; sourceTree = "<group>"; };
		04BE7C31055746E7B5D748EA /* sqlite3.c */ = {isa = PBXFileReference; explicitFileType = undefined; fileEncoding = 9; includeInIndex = 0; lastKnownFileType = unknown; name = sqlite3.c; path = "cordova-sqlite-storage/sqlite3.c"; sourceTree = "<group>"; };
		04E040092AD1454BB7D77018 /* WebKit.framework */ = {isa = PBXFileReference; explicitFileType = undefined; fileEncoding = 9; includeInIndex = 0; lastKnownFileType = wrapper.framework; name = WebKit.framework; path = System/Library/Frameworks/WebKit.framework; sourceTree = SDKROOT; };
		0535F702E4614A5F9A437C47 /* IonicKeyboard.m */ = {isa = PBXFileReference; explicitFileType = undefined; fileEncoding = 4; includeInIndex = 0; lastKnownFileType = sourcecode.c.objc; name = IonicKeyboard.m; path = "ionic-plugin-keyboard/IonicKeyboard.m"; sourceTree = "<group>"; };
		0B38F79E195847E6B031BAA5 /* DatePicker.h */ = {isa = PBXFileReference; explicitFileType = undefined; fileEncoding = 4; includeInIndex = 0; lastKnownFileType = sourcecode.c.h; name = DatePicker.h; path = "cordova-plugin-datepicker/DatePicker.h"; sourceTree = "<group>"; };
		0B9F5CEE5D7148C68B77E1A3 /* ECASMobile.h */ = {isa = PBXFileReference; explicitFileType = undefined; fileEncoding = 4; includeInIndex = 0; lastKnownFileType = sourcecode.c.h; name = ECASMobile.h; path = eu.europa.ec.ecas/ECASMobilePlugin/ECASMobile.h; sourceTree = "<group>"; };
		11ACA53B20704ABD8FA8BF4A /* sqlite3.h */ = {isa = PBXFileReference; explicitFileType = undefined; fileEncoding = 4; includeInIndex = 0; lastKnownFileType = sourcecode.c.h; name = sqlite3.h; path = "cordova-sqlite-storage/sqlite3.h"; sourceTree = "<group>"; };
		160A818EE4CA4ADAAFBDA88C /* CDVReachability.m */ = {isa = PBXFileReference; explicitFileType = undefined; fileEncoding = 4; includeInIndex = 0; lastKnownFileType = sourcecode.c.objc; name = CDVReachability.m; path = "cordova-plugin-network-information/CDVReachability.m"; sourceTree = "<group>"; };
		1967CE94125E4E6AB83E402E /* ECASMobilePlugin.m */ = {isa = PBXFileReference; explicitFileType = undefined; fileEncoding = 4; includeInIndex = 0; lastKnownFileType = sourcecode.c.objc; name = ECASMobilePlugin.m; path = eu.europa.ec.ecas/ECASMobilePlugin/ECASMobilePlugin.m; sourceTree = "<group>"; };
		1BAE14F1229F40F6A827E959 /* GCDWebServerConnection.h */ = {isa = PBXFileReference; explicitFileType = undefined; fileEncoding = 4; includeInIndex = 0; lastKnownFileType = sourcecode.c.h; name = GCDWebServerConnection.h; path = "cordova-plugin-ionic-webview/GCDWebServerConnection.h"; sourceTree = "<group>"; };
		1D3623240D0F684500981E51 /* AppDelegate.h */ = {isa = PBXFileReference; fileEncoding = 4; lastKnownFileType = sourcecode.c.h; path = AppDelegate.h; sourceTree = "<group>"; };
		1D3623250D0F684500981E51 /* AppDelegate.m */ = {isa = PBXFileReference; fileEncoding = 4; lastKnownFileType = sourcecode.c.objc; path = AppDelegate.m; sourceTree = "<group>"; };
		1D6058910D05DD3D006BFB54 /* Invasive Alien Species Europe.app */ = {isa = PBXFileReference; explicitFileType = wrapper.application; includeInIndex = 0; path = "Invasive Alien Species Europe.app"; sourceTree = BUILT_PRODUCTS_DIR; };
		1E8261C0CB9945718763DC7F /* CDVNotification.m */ = {isa = PBXFileReference; explicitFileType = undefined; fileEncoding = 4; includeInIndex = 0; lastKnownFileType = sourcecode.c.objc; name = CDVNotification.m; path = "cordova-plugin-dialogs/CDVNotification.m"; sourceTree = "<group>"; };
		1EB70ED3E931429E9E4048B7 /* CDVGlobalization.m */ = {isa = PBXFileReference; explicitFileType = undefined; fileEncoding = 4; includeInIndex = 0; lastKnownFileType = sourcecode.c.objc; name = CDVGlobalization.m; path = "cordova-plugin-globalization/CDVGlobalization.m"; sourceTree = "<group>"; };
		1F7A0B1C2EF14721871BB88A /* GCDWebServerURLEncodedFormRequest.m */ = {isa = PBXFileReference; explicitFileType = undefined; fileEncoding = 4; includeInIndex = 0; lastKnownFileType = sourcecode.c.objc; name = GCDWebServerURLEncodedFormRequest.m; path = "cordova-plugin-ionic-webview/GCDWebServerURLEncodedFormRequest.m"; sourceTree = "<group>"; };
		21DB76C4505B41AB8671FDD3 /* NSURLRequest+CAS.h */ = {isa = PBXFileReference; explicitFileType = undefined; fileEncoding = 4; includeInIndex = 0; lastKnownFileType = sourcecode.c.h; name = "NSURLRequest+CAS.h"; path = "eu.europa.ec.ecas/ECASMobilePlugin/NSURLRequest+CAS.h"; sourceTree = "<group>"; };
		2296A9F63BD64DB78D030B6C /* AudioToolbox.framework */ = {isa = PBXFileReference; explicitFileType = undefined; fileEncoding = 9; includeInIndex = 0; lastKnownFileType = wrapper.framework; name = AudioToolbox.framework; path = System/Library/Frameworks/AudioToolbox.framework; sourceTree = SDKROOT; };
		265CCDCC6E0C4F1B84BB4AF4 /* CDVWKInAppBrowser.m */ = {isa = PBXFileReference; explicitFileType = undefined; fileEncoding = 4; includeInIndex = 0; lastKnownFileType = sourcecode.c.objc; name = CDVWKInAppBrowser.m; path = "cordova-plugin-inappbrowser/CDVWKInAppBrowser.m"; sourceTree = "<group>"; };
		27691D62B1E040FF90BB6FEF /* GCDWebServerFunctions.m */ = {isa = PBXFileReference; explicitFileType = undefined; fileEncoding = 4; includeInIndex = 0; lastKnownFileType = sourcecode.c.objc; name = GCDWebServerFunctions.m; path = "cordova-plugin-ionic-webview/GCDWebServerFunctions.m"; sourceTree = "<group>"; };
		294D3835246F4BF29113B15E /* GCDWebServerFileResponse.h */ = {isa = PBXFileReference; explicitFileType = undefined; fileEncoding = 4; includeInIndex = 0; lastKnownFileType = sourcecode.c.h; name = GCDWebServerFileResponse.h; path = "cordova-plugin-ionic-webview/GCDWebServerFileResponse.h"; sourceTree = "<group>"; };
		29B97316FDCFA39411CA2CEA /* main.m */ = {isa = PBXFileReference; fileEncoding = 4; lastKnownFileType = sourcecode.c.objc; path = main.m; sourceTree = "<group>"; };
		2B340B3D5B9645E4A6E9858C /* GCDWebServerPrivate.h */ = {isa = PBXFileReference; explicitFileType = undefined; fileEncoding = 4; includeInIndex = 0; lastKnownFileType = sourcecode.c.h; name = GCDWebServerPrivate.h; path = "cordova-plugin-ionic-webview/GCDWebServerPrivate.h"; sourceTree = "<group>"; };
		301BF52D109A57CC0062928A /* CordovaLib.xcodeproj */ = {isa = PBXFileReference; lastKnownFileType = "wrapper.pb-project"; name = CordovaLib.xcodeproj; path = CordovaLib/CordovaLib.xcodeproj; sourceTree = "<group>"; };
		301BF56E109A69640062928A /* www */ = {isa = PBXFileReference; lastKnownFileType = folder; path = www; sourceTree = SOURCE_ROOT; };
		302D95EE14D2391D003F00A1 /* MainViewController.h */ = {isa = PBXFileReference; fileEncoding = 4; lastKnownFileType = sourcecode.c.h; path = MainViewController.h; sourceTree = "<group>"; };
		302D95EF14D2391D003F00A1 /* MainViewController.m */ = {isa = PBXFileReference; fileEncoding = 4; lastKnownFileType = sourcecode.c.objc; path = MainViewController.m; sourceTree = "<group>"; };
		302D95F014D2391D003F00A1 /* MainViewController.xib */ = {isa = PBXFileReference; fileEncoding = 4; lastKnownFileType = file.xib; path = MainViewController.xib; sourceTree = "<group>"; };
		3047A50F1AB8059700498E2A /* build-debug.xcconfig */ = {isa = PBXFileReference; fileEncoding = 4; lastKnownFileType = text.xcconfig; name = "build-debug.xcconfig"; path = "cordova/build-debug.xcconfig"; sourceTree = SOURCE_ROOT; };
		3047A5101AB8059700498E2A /* build-release.xcconfig */ = {isa = PBXFileReference; fileEncoding = 4; lastKnownFileType = text.xcconfig; name = "build-release.xcconfig"; path = "cordova/build-release.xcconfig"; sourceTree = SOURCE_ROOT; };
		3047A5111AB8059700498E2A /* build.xcconfig */ = {isa = PBXFileReference; fileEncoding = 4; lastKnownFileType = text.xcconfig; name = build.xcconfig; path = cordova/build.xcconfig; sourceTree = SOURCE_ROOT; };
		32CA4F630368D1EE00C91783 /* Invasive Alien Species Europe-Prefix.pch */ = {isa = PBXFileReference; fileEncoding = 4; lastKnownFileType = sourcecode.c.h; path = "Invasive Alien Species Europe-Prefix.pch"; sourceTree = "<group>"; };
		336B9306080A4E2DAE61F4A7 /* CASAuthenticationView.h */ = {isa = PBXFileReference; explicitFileType = undefined; fileEncoding = 4; includeInIndex = 0; lastKnownFileType = sourcecode.c.h; name = CASAuthenticationView.h; path = eu.europa.ec.ecas/ECASMobilePlugin/CASAuthenticationView.h; sourceTree = "<group>"; };
		376117EB2CB549DFBCF3AD6E /* CDVInAppBrowserOptions.m */ = {isa = PBXFileReference; explicitFileType = undefined; fileEncoding = 4; includeInIndex = 0; lastKnownFileType = sourcecode.c.objc; name = CDVInAppBrowserOptions.m; path = "cordova-plugin-inappbrowser/CDVInAppBrowserOptions.m"; sourceTree = "<group>"; };
		37D5C1AE700B4C83B5D63643 /* CDVStatusBar.h */ = {isa = PBXFileReference; explicitFileType = undefined; fileEncoding = 4; includeInIndex = 0; lastKnownFileType = sourcecode.c.h; name = CDVStatusBar.h; path = "cordova-plugin-statusbar/CDVStatusBar.h"; sourceTree = "<group>"; };
		3B4609887AAA4318A7492DC6 /* CDVInAppBrowser.m */ = {isa = PBXFileReference; explicitFileType = undefined; fileEncoding = 4; includeInIndex = 0; lastKnownFileType = sourcecode.c.objc; name = CDVInAppBrowser.m; path = "cordova-plugin-inappbrowser/CDVInAppBrowser.m"; sourceTree = "<group>"; };
		3E6198B71C054440AA2133E6 /* GCDWebServerDataResponse.h */ = {isa = PBXFileReference; explicitFileType = undefined; fileEncoding = 4; includeInIndex = 0; lastKnownFileType = sourcecode.c.h; name = GCDWebServerDataResponse.h; path = "cordova-plugin-ionic-webview/GCDWebServerDataResponse.h"; sourceTree = "<group>"; };
		3E6B227FFBFA4113B23FCD39 /* GCDWebServer.h */ = {isa = PBXFileReference; explicitFileType = undefined; fileEncoding = 4; includeInIndex = 0; lastKnownFileType = sourcecode.c.h; name = GCDWebServer.h; path = "cordova-plugin-ionic-webview/GCDWebServer.h"; sourceTree = "<group>"; };
		40A7D1DB1F254091AE989667 /* CDVFileHash.h */ = {isa = PBXFileReference; explicitFileType = undefined; fileEncoding = 4; includeInIndex = 0; lastKnownFileType = sourcecode.c.h; name = CDVFileHash.h; path = "cordova-plugin-file-hash/CDVFileHash.h"; sourceTree = "<group>"; };
		4260436990BE4D7FA8803963 /* CDVFile.h */ = {isa = PBXFileReference; explicitFileType = undefined; fileEncoding = 4; includeInIndex = 0; lastKnownFileType = sourcecode.c.h; name = CDVFile.h; path = "cordova-plugin-file/CDVFile.h"; sourceTree = "<group>"; };
		434A625D3EBB4215BA4C2C39 /* GCDWebServerResponse.h */ = {isa = PBXFileReference; explicitFileType = undefined; fileEncoding = 4; includeInIndex = 0; lastKnownFileType = sourcecode.c.h; name = GCDWebServerResponse.h; path = "cordova-plugin-ionic-webview/GCDWebServerResponse.h"; sourceTree = "<group>"; };
		4A4DE6BB22154281AFA0DAA1 /* CDVMobileAccessibility.h */ = {isa = PBXFileReference; explicitFileType = undefined; fileEncoding = 4; includeInIndex = 0; lastKnownFileType = sourcecode.c.h; name = CDVMobileAccessibility.h; path = "phonegap-plugin-mobile-accessibility/CDVMobileAccessibility.h"; sourceTree = "<group>"; };
		4AC0F1D47F28431990AD7B1A /* CDVWKWebViewUIDelegate.h */ = {isa = PBXFileReference; explicitFileType = undefined; fileEncoding = 4; includeInIndex = 0; lastKnownFileType = sourcecode.c.h; name = CDVWKWebViewUIDelegate.h; path = "cordova-plugin-ionic-webview/CDVWKWebViewUIDelegate.h"; sourceTree = "<group>"; };
		4AF5BE5CDF9A4920A6D7922D /* GCDWebServerStreamedResponse.m */ = {isa = PBXFileReference; explicitFileType = undefined; fileEncoding = 4; includeInIndex = 0; lastKnownFileType = sourcecode.c.objc; name = GCDWebServerStreamedResponse.m; path = "cordova-plugin-ionic-webview/GCDWebServerStreamedResponse.m"; sourceTree = "<group>"; };
		4B0985D9EEA24F34A9179D0E /* GCDWebServerStreamedResponse.h */ = {isa = PBXFileReference; explicitFileType = undefined; fileEncoding = 4; includeInIndex = 0; lastKnownFileType = sourcecode.c.h; name = GCDWebServerStreamedResponse.h; path = "cordova-plugin-ionic-webview/GCDWebServerStreamedResponse.h"; sourceTree = "<group>"; };
		5005972B70994E83A45300BE /* CASLog.h */ = {isa = PBXFileReference; explicitFileType = undefined; fileEncoding = 4; includeInIndex = 0; lastKnownFileType = sourcecode.c.h; name = CASLog.h; path = eu.europa.ec.ecas/ECASMobilePlugin/CASLog.h; sourceTree = "<group>"; };
		52E0D4DFE33342C1814791EA /* CDVNotification.bundle */ = {isa = PBXFileReference; explicitFileType = undefined; fileEncoding = 9; includeInIndex = 0; lastKnownFileType = "wrapper.plug-in"; path = CDVNotification.bundle; sourceTree = "<group>"; };
		57FA9A6403D949DBADF7FC84 /* CDVLocalFilesystem.m */ = {isa = PBXFileReference; explicitFileType = undefined; fileEncoding = 4; includeInIndex = 0; lastKnownFileType = sourcecode.c.objc; name = CDVLocalFilesystem.m; path = "cordova-plugin-file/CDVLocalFilesystem.m"; sourceTree = "<group>"; };
		5B14241249D2402C81EC5DB7 /* MediaAccessibility.framework */ = {isa = PBXFileReference; explicitFileType = undefined; fileEncoding = 9; includeInIndex = 0; lastKnownFileType = wrapper.framework; name = MediaAccessibility.framework; path = System/Library/Frameworks/MediaAccessibility.framework; sourceTree = SDKROOT; };
		5CB80242F0BC4D8185158259 /* CDVSplashScreen.h */ = {isa = PBXFileReference; explicitFileType = undefined; fileEncoding = 4; includeInIndex = 0; lastKnownFileType = sourcecode.c.h; name = CDVSplashScreen.h; path = "cordova-plugin-splashscreen/CDVSplashScreen.h"; sourceTree = "<group>"; };
		5D7DD710297C4511AF51082B /* CDVWKWebViewFileXhr.h */ = {isa = PBXFileReference; explicitFileType = undefined; fileEncoding = 4; includeInIndex = 0; lastKnownFileType = sourcecode.c.h; name = CDVWKWebViewFileXhr.h; path = "cordova-plugin-wkwebview-file-xhr/CDVWKWebViewFileXhr.h"; sourceTree = "<group>"; };
		603A836B4B6E4813BAA666F3 /* libECASMobileClientSDK.a */ = {isa = PBXFileReference; explicitFileType = undefined; fileEncoding = 9; includeInIndex = 0; lastKnownFileType = archive.ar; name = libECASMobileClientSDK.a; path = "Invasive Alien Species Europe/Plugins/eu.europa.ec.ecas/libECASMobileClientSDK.a"; sourceTree = "<group>"; };
		678688E8564C4238935755EB /* CDVInAppBrowserNavigationController.m */ = {isa = PBXFileReference; explicitFileType = undefined; fileEncoding = 4; includeInIndex = 0; lastKnownFileType = sourcecode.c.objc; name = CDVInAppBrowserNavigationController.m; path = "cordova-plugin-inappbrowser/CDVInAppBrowserNavigationController.m"; sourceTree = "<group>"; };
		684E3D999EC74155808238A1 /* CDVViewController+SplashScreen.h */ = {isa = PBXFileReference; explicitFileType = undefined; fileEncoding = 4; includeInIndex = 0; lastKnownFileType = sourcecode.c.h; name = "CDVViewController+SplashScreen.h"; path = "cordova-plugin-splashscreen/CDVViewController+SplashScreen.h"; sourceTree = "<group>"; };
		6AFF5BF81D6E424B00AB3073 /* CDVLaunchScreen.storyboard */ = {isa = PBXFileReference; fileEncoding = 4; lastKnownFileType = file.storyboard; name = CDVLaunchScreen.storyboard; path = "Invasive Alien Species Europe/CDVLaunchScreen.storyboard"; sourceTree = SOURCE_ROOT; };
		6C351EFA2A14413DA970A4EA /* GCDWebServerFileResponse.m */ = {isa = PBXFileReference; explicitFileType = undefined; fileEncoding = 4; includeInIndex = 0; lastKnownFileType = sourcecode.c.objc; name = GCDWebServerFileResponse.m; path = "cordova-plugin-ionic-webview/GCDWebServerFileResponse.m"; sourceTree = "<group>"; };
		6E6A28EABBAF41A094E86B96 /* CDVDevice.m */ = {isa = PBXFileReference; explicitFileType = undefined; fileEncoding = 4; includeInIndex = 0; lastKnownFileType = sourcecode.c.objc; name = CDVDevice.m; path = "cordova-plugin-device/CDVDevice.m"; sourceTree = "<group>"; };
		6EFFD51550F74B70880F224F /* SignInWithApple.h */ = {isa = PBXFileReference; explicitFileType = undefined; fileEncoding = 4; includeInIndex = 0; lastKnownFileType = sourcecode.c.h; name = SignInWithApple.h; path = "cordova-plugin-sign-in-with-apple/SignInWithApple.h"; sourceTree = "<group>"; };
		71FDE1CD21E44236839003F1 /* CDVWKProcessPoolFactory.m */ = {isa = PBXFileReference; explicitFileType = undefined; fileEncoding = 4; includeInIndex = 0; lastKnownFileType = sourcecode.c.objc; name = CDVWKProcessPoolFactory.m; path = "cordova-plugin-ionic-webview/CDVWKProcessPoolFactory.m"; sourceTree = "<group>"; };
		72DBD9EE9B104FED9B4FC308 /* CDVSplashScreen.m */ = {isa = PBXFileReference; explicitFileType = undefined; fileEncoding = 4; includeInIndex = 0; lastKnownFileType = sourcecode.c.objc; name = CDVSplashScreen.m; path = "cordova-plugin-splashscreen/CDVSplashScreen.m"; sourceTree = "<group>"; };
		76467BBF005540C2A4740826 /* CoreLocation.framework */ = {isa = PBXFileReference; explicitFileType = undefined; fileEncoding = 9; includeInIndex = 0; lastKnownFileType = wrapper.framework; name = CoreLocation.framework; path = System/Library/Frameworks/CoreLocation.framework; sourceTree = SDKROOT; };
		77A2F48040F240E4BFB9296A /* ECASMobilePlugin.h */ = {isa = PBXFileReference; explicitFileType = undefined; fileEncoding = 4; includeInIndex = 0; lastKnownFileType = sourcecode.c.h; name = ECASMobilePlugin.h; path = eu.europa.ec.ecas/ECASMobilePlugin/ECASMobilePlugin.h; sourceTree = "<group>"; };
		78871FE4E9B440318614BBA5 /* CDVWKInAppBrowser.h */ = {isa = PBXFileReference; explicitFileType = undefined; fileEncoding = 4; includeInIndex = 0; lastKnownFileType = sourcecode.c.h; name = CDVWKInAppBrowser.h; path = "cordova-plugin-inappbrowser/CDVWKInAppBrowser.h"; sourceTree = "<group>"; };
		7A6E913C30354ECDAB6A6D91 /* SystemConfiguration.framework */ = {isa = PBXFileReference; explicitFileType = undefined; fileEncoding = 9; includeInIndex = 0; lastKnownFileType = wrapper.framework; name = SystemConfiguration.framework; path = System/Library/Frameworks/SystemConfiguration.framework; sourceTree = SDKROOT; };
		7B334AD89CE54A57BD2AC401 /* SQLitePlugin.m */ = {isa = PBXFileReference; explicitFileType = undefined; fileEncoding = 4; includeInIndex = 0; lastKnownFileType = sourcecode.c.objc; name = SQLitePlugin.m; path = "cordova-sqlite-storage/SQLitePlugin.m"; sourceTree = "<group>"; };
		7B469E03EE1F481182E04000 /* CDVWKProcessPoolFactory.h */ = {isa = PBXFileReference; explicitFileType = undefined; fileEncoding = 4; includeInIndex = 0; lastKnownFileType = sourcecode.c.h; name = CDVWKProcessPoolFactory.h; path = "cordova-plugin-ionic-webview/CDVWKProcessPoolFactory.h"; sourceTree = "<group>"; };
		7C4519A5DD794ADFACF6B6B3 /* CDVReachability.h */ = {isa = PBXFileReference; explicitFileType = undefined; fileEncoding = 4; includeInIndex = 0; lastKnownFileType = sourcecode.c.h; name = CDVReachability.h; path = "cordova-plugin-network-information/CDVReachability.h"; sourceTree = "<group>"; };
		7E9B6FA4AD7F4F40A498B9F9 /* DatePicker.xib */ = {isa = PBXFileReference; explicitFileType = undefined; fileEncoding = 9; includeInIndex = 0; lastKnownFileType = file.xib; path = DatePicker.xib; sourceTree = "<group>"; };
		7F51A08506384F3E9D7B6C49 /* CDVLocation.m */ = {isa = PBXFileReference; explicitFileType = undefined; fileEncoding = 4; includeInIndex = 0; lastKnownFileType = sourcecode.c.objc; name = CDVLocation.m; path = "cordova-plugin-geolocation/CDVLocation.m"; sourceTree = "<group>"; };
		80606D4666D5472890FC80C3 /* GCDWebServerDataResponse.m */ = {isa = PBXFileReference; explicitFileType = undefined; fileEncoding = 4; includeInIndex = 0; lastKnownFileType = sourcecode.c.objc; name = GCDWebServerDataResponse.m; path = "cordova-plugin-ionic-webview/GCDWebServerDataResponse.m"; sourceTree = "<group>"; };
		823ECAB64C2B4AA497CFCDC7 /* GCDWebServerConnection.m */ = {isa = PBXFileReference; explicitFileType = undefined; fileEncoding = 4; includeInIndex = 0; lastKnownFileType = sourcecode.c.objc; name = GCDWebServerConnection.m; path = "cordova-plugin-ionic-webview/GCDWebServerConnection.m"; sourceTree = "<group>"; };
		82A6976D4E2D45258B5ED085 /* CustomPSPDFThreadSafeMutableDictionary.m */ = {isa = PBXFileReference; explicitFileType = undefined; fileEncoding = 4; includeInIndex = 0; lastKnownFileType = sourcecode.c.objc; name = CustomPSPDFThreadSafeMutableDictionary.m; path = "cordova-sqlite-storage/CustomPSPDFThreadSafeMutableDictionary.m"; sourceTree = "<group>"; };
		83408B241E9445EC8FC1A2E2 /* GCDWebServerDataRequest.h */ = {isa = PBXFileReference; explicitFileType = undefined; fileEncoding = 4; includeInIndex = 0; lastKnownFileType = sourcecode.c.h; name = GCDWebServerDataRequest.h; path = "cordova-plugin-ionic-webview/GCDWebServerDataRequest.h"; sourceTree = "<group>"; };
		87671149F6144BA1B3FE0533 /* CDVInAppBrowserNavigationController.h */ = {isa = PBXFileReference; explicitFileType = undefined; fileEncoding = 4; includeInIndex = 0; lastKnownFileType = sourcecode.c.h; name = CDVInAppBrowserNavigationController.h; path = "cordova-plugin-inappbrowser/CDVInAppBrowserNavigationController.h"; sourceTree = "<group>"; };
		881AA2660C7A425F96B30AB8 /* CDVConnection.h */ = {isa = PBXFileReference; explicitFileType = undefined; fileEncoding = 4; includeInIndex = 0; lastKnownFileType = sourcecode.c.h; name = CDVConnection.h; path = "cordova-plugin-network-information/CDVConnection.h"; sourceTree = "<group>"; };
		899DC78384E5475282D72479 /* GCDWebServerHTTPStatusCodes.h */ = {isa = PBXFileReference; explicitFileType = undefined; fileEncoding = 4; includeInIndex = 0; lastKnownFileType = sourcecode.c.h; name = GCDWebServerHTTPStatusCodes.h; path = "cordova-plugin-ionic-webview/GCDWebServerHTTPStatusCodes.h"; sourceTree = "<group>"; };
		8B4B704D96AA49AFBF21227B /* GCDWebServerRequest.h */ = {isa = PBXFileReference; explicitFileType = undefined; fileEncoding = 4; includeInIndex = 0; lastKnownFileType = sourcecode.c.h; name = GCDWebServerRequest.h; path = "cordova-plugin-ionic-webview/GCDWebServerRequest.h"; sourceTree = "<group>"; };
		8D1107310486CEB800E47090 /* Invasive Alien Species Europe-Info.plist */ = {isa = PBXFileReference; fileEncoding = 4; lastKnownFileType = text.plist.xml; name = "Invasive Alien Species Europe-Info.plist"; path = "Invasive Alien Species Europe/Invasive Alien Species Europe-Info.plist"; plistStructureDefinitionIdentifier = "com.apple.xcode.plist.structure-definition.iphone.info-plist"; sourceTree = SOURCE_ROOT; };
		94453150B7044386BE1C7FDC /* GCDWebServerDataRequest.m */ = {isa = PBXFileReference; explicitFileType = undefined; fileEncoding = 4; includeInIndex = 0; lastKnownFileType = sourcecode.c.objc; name = GCDWebServerDataRequest.m; path = "cordova-plugin-ionic-webview/GCDWebServerDataRequest.m"; sourceTree = "<group>"; };
		96DD02D9A6E04235BBC47278 /* GCDWebServerErrorResponse.h */ = {isa = PBXFileReference; explicitFileType = undefined; fileEncoding = 4; includeInIndex = 0; lastKnownFileType = sourcecode.c.h; name = GCDWebServerErrorResponse.h; path = "cordova-plugin-ionic-webview/GCDWebServerErrorResponse.h"; sourceTree = "<group>"; };
		96F9D1AD16474660BF52584B /* CASCommonUtils.h */ = {isa = PBXFileReference; explicitFileType = undefined; fileEncoding = 4; includeInIndex = 0; lastKnownFileType = sourcecode.c.h; name = CASCommonUtils.h; path = eu.europa.ec.ecas/ECASMobilePlugin/CASCommonUtils.h; sourceTree = "<group>"; };
		96FC762FFD094B8287698257 /* CDVGlobalization.h */ = {isa = PBXFileReference; explicitFileType = undefined; fileEncoding = 4; includeInIndex = 0; lastKnownFileType = sourcecode.c.h; name = CDVGlobalization.h; path = "cordova-plugin-globalization/CDVGlobalization.h"; sourceTree = "<group>"; };
		9B057CEF79F74F73900F1C26 /* CDVFile.m */ = {isa = PBXFileReference; explicitFileType = undefined; fileEncoding = 4; includeInIndex = 0; lastKnownFileType = sourcecode.c.objc; name = CDVFile.m; path = "cordova-plugin-file/CDVFile.m"; sourceTree = "<group>"; };
		9B4160AE80CF4D18BB4A2425 /* libz.tbd */ = {isa = PBXFileReference; explicitFileType = undefined; fileEncoding = 9; includeInIndex = 0; lastKnownFileType = "sourcecode.text-based-dylib-definition"; name = libz.tbd; path = usr/lib/libz.tbd; sourceTree = SDKROOT; };
		9B7261D7A4FC4A648C2E55DD /* CDVStatusBar.m */ = {isa = PBXFileReference; explicitFileType = undefined; fileEncoding = 4; includeInIndex = 0; lastKnownFileType = sourcecode.c.objc; name = CDVStatusBar.m; path = "cordova-plugin-statusbar/CDVStatusBar.m"; sourceTree = "<group>"; };
		9D01D8B258884EFFB2242AE8 /* CDVWKWebViewFileXhr.m */ = {isa = PBXFileReference; explicitFileType = undefined; fileEncoding = 4; includeInIndex = 0; lastKnownFileType = sourcecode.c.objc; name = CDVWKWebViewFileXhr.m; path = "cordova-plugin-wkwebview-file-xhr/CDVWKWebViewFileXhr.m"; sourceTree = "<group>"; };
		9E7E2E70C8B146E1BE95BD84 /* GCDWebServerFileRequest.m */ = {isa = PBXFileReference; explicitFileType = undefined; fileEncoding = 4; includeInIndex = 0; lastKnownFileType = sourcecode.c.objc; name = GCDWebServerFileRequest.m; path = "cordova-plugin-ionic-webview/GCDWebServerFileRequest.m"; sourceTree = "<group>"; };
		9E9A4EC4DE9247DF9A3ADCC0 /* CDVWKWebViewUIDelegate.m */ = {isa = PBXFileReference; explicitFileType = undefined; fileEncoding = 4; includeInIndex = 0; lastKnownFileType = sourcecode.c.objc; name = CDVWKWebViewUIDelegate.m; path = "cordova-plugin-ionic-webview/CDVWKWebViewUIDelegate.m"; sourceTree = "<group>"; };
		9F8831299D014AA2AAFA9A04 /* CDVViewController+SplashScreen.m */ = {isa = PBXFileReference; explicitFileType = undefined; fileEncoding = 4; includeInIndex = 0; lastKnownFileType = sourcecode.c.objc; name = "CDVViewController+SplashScreen.m"; path = "cordova-plugin-splashscreen/CDVViewController+SplashScreen.m"; sourceTree = "<group>"; };
		A1A4529D151640409314A1B4 /* CDVWKInAppBrowserUIDelegate.m */ = {isa = PBXFileReference; explicitFileType = undefined; fileEncoding = 4; includeInIndex = 0; lastKnownFileType = sourcecode.c.objc; name = CDVWKInAppBrowserUIDelegate.m; path = "cordova-plugin-inappbrowser/CDVWKInAppBrowserUIDelegate.m"; sourceTree = "<group>"; };
		A4A968ACFF3C4884B673CE80 /* GCDWebServerErrorResponse.m */ = {isa = PBXFileReference; explicitFileType = undefined; fileEncoding = 4; includeInIndex = 0; lastKnownFileType = sourcecode.c.objc; name = GCDWebServerErrorResponse.m; path = "cordova-plugin-ionic-webview/GCDWebServerErrorResponse.m"; sourceTree = "<group>"; };
		AB53168849E947B0AE229257 /* CDVFileHash.m */ = {isa = PBXFileReference; explicitFileType = undefined; fileEncoding = 4; includeInIndex = 0; lastKnownFileType = sourcecode.c.objc; name = CDVFileHash.m; path = "cordova-plugin-file-hash/CDVFileHash.m"; sourceTree = "<group>"; };
		AFAF913CBCC0461E8E26240C /* CDVUIInAppBrowser.m */ = {isa = PBXFileReference; explicitFileType = undefined; fileEncoding = 4; includeInIndex = 0; lastKnownFileType = sourcecode.c.objc; name = CDVUIInAppBrowser.m; path = "cordova-plugin-inappbrowser/CDVUIInAppBrowser.m"; sourceTree = "<group>"; };
		B18E38E641EA48CE8CC95E30 /* CDVInAppBrowser.h */ = {isa = PBXFileReference; explicitFileType = undefined; fileEncoding = 4; includeInIndex = 0; lastKnownFileType = sourcecode.c.h; name = CDVInAppBrowser.h; path = "cordova-plugin-inappbrowser/CDVInAppBrowser.h"; sourceTree = "<group>"; };
		B425938C6C9F421386206142 /* CoreTelephony.framework */ = {isa = PBXFileReference; explicitFileType = undefined; fileEncoding = 9; includeInIndex = 0; lastKnownFileType = wrapper.framework; name = CoreTelephony.framework; path = System/Library/Frameworks/CoreTelephony.framework; sourceTree = SDKROOT; };
		B5A3E2C11AAF4B0497EFF279 /* CDVUIInAppBrowser.h */ = {isa = PBXFileReference; explicitFileType = undefined; fileEncoding = 4; includeInIndex = 0; lastKnownFileType = sourcecode.c.h; name = CDVUIInAppBrowser.h; path = "cordova-plugin-inappbrowser/CDVUIInAppBrowser.h"; sourceTree = "<group>"; };
		BA101FE0CE134AC2AD4832FD /* CDVNotification.h */ = {isa = PBXFileReference; explicitFileType = undefined; fileEncoding = 4; includeInIndex = 0; lastKnownFileType = sourcecode.c.h; name = CDVNotification.h; path = "cordova-plugin-dialogs/CDVNotification.h"; sourceTree = "<group>"; };
		C48CBE0769A343A4BC338CF2 /* GCDWebServer.m */ = {isa = PBXFileReference; explicitFileType = undefined; fileEncoding = 4; includeInIndex = 0; lastKnownFileType = sourcecode.c.objc; name = GCDWebServer.m; path = "cordova-plugin-ionic-webview/GCDWebServer.m"; sourceTree = "<group>"; };
		C52C4F8BB5E347478A4C0D84 /* SQLitePlugin.h */ = {isa = PBXFileReference; explicitFileType = undefined; fileEncoding = 4; includeInIndex = 0; lastKnownFileType = sourcecode.c.h; name = SQLitePlugin.h; path = "cordova-sqlite-storage/SQLitePlugin.h"; sourceTree = "<group>"; };
		C92AD55910B0434997AAD8C5 /* CDVWKWebViewEngine.m */ = {isa = PBXFileReference; explicitFileType = undefined; fileEncoding = 4; includeInIndex = 0; lastKnownFileType = sourcecode.c.objc; name = CDVWKWebViewEngine.m; path = "cordova-plugin-ionic-webview/CDVWKWebViewEngine.m"; sourceTree = "<group>"; };
		CF07F174CDCC41D3A8AD111C /* GCDWebServerMultiPartFormRequest.h */ = {isa = PBXFileReference; explicitFileType = undefined; fileEncoding = 4; includeInIndex = 0; lastKnownFileType = sourcecode.c.h; name = GCDWebServerMultiPartFormRequest.h; path = "cordova-plugin-ionic-webview/GCDWebServerMultiPartFormRequest.h"; sourceTree = "<group>"; };
		D042E8E6F03747E88D362EEF /* GCDWebServerResponse.m */ = {isa = PBXFileReference; explicitFileType = undefined; fileEncoding = 4; includeInIndex = 0; lastKnownFileType = sourcecode.c.objc; name = GCDWebServerResponse.m; path = "cordova-plugin-ionic-webview/GCDWebServerResponse.m"; sourceTree = "<group>"; };
		D64CF3856AF0480B9131A515 /* GCDWebServerFunctions.h */ = {isa = PBXFileReference; explicitFileType = undefined; fileEncoding = 4; includeInIndex = 0; lastKnownFileType = sourcecode.c.h; name = GCDWebServerFunctions.h; path = "cordova-plugin-ionic-webview/GCDWebServerFunctions.h"; sourceTree = "<group>"; };
		D8DE962DEEBC476A8212148F /* CDVLocation.h */ = {isa = PBXFileReference; explicitFileType = undefined; fileEncoding = 4; includeInIndex = 0; lastKnownFileType = sourcecode.c.h; name = CDVLocation.h; path = "cordova-plugin-geolocation/CDVLocation.h"; sourceTree = "<group>"; };
		DCC7EC6CB9564AC09F21125C /* CASAuthenticationDelegate.h */ = {isa = PBXFileReference; explicitFileType = undefined; fileEncoding = 4; includeInIndex = 0; lastKnownFileType = sourcecode.c.h; name = CASAuthenticationDelegate.h; path = eu.europa.ec.ecas/ECASMobilePlugin/CASAuthenticationDelegate.h; sourceTree = "<group>"; };
		DF2F34DE578E4521A5DD153F /* CDVWKWebViewEngine.h */ = {isa = PBXFileReference; explicitFileType = undefined; fileEncoding = 4; includeInIndex = 0; lastKnownFileType = sourcecode.c.h; name = CDVWKWebViewEngine.h; path = "cordova-plugin-ionic-webview/CDVWKWebViewEngine.h"; sourceTree = "<group>"; };
		E75C674912164B5CAC35C891 /* CDVAssetLibraryFilesystem.m */ = {isa = PBXFileReference; explicitFileType = undefined; fileEncoding = 4; includeInIndex = 0; lastKnownFileType = sourcecode.c.objc; name = CDVAssetLibraryFilesystem.m; path = "cordova-plugin-file/CDVAssetLibraryFilesystem.m"; sourceTree = "<group>"; };
		E7DCBC666D63449F8AE1A9AD /* CDVMobileAccessibility.m */ = {isa = PBXFileReference; explicitFileType = undefined; fileEncoding = 4; includeInIndex = 0; lastKnownFileType = sourcecode.c.objc; name = CDVMobileAccessibility.m; path = "phonegap-plugin-mobile-accessibility/CDVMobileAccessibility.m"; sourceTree = "<group>"; };
		E7FC94B2C10C4129BEE618A4 /* CDVLocalFilesystem.h */ = {isa = PBXFileReference; explicitFileType = undefined; fileEncoding = 4; includeInIndex = 0; lastKnownFileType = sourcecode.c.h; name = CDVLocalFilesystem.h; path = "cordova-plugin-file/CDVLocalFilesystem.h"; sourceTree = "<group>"; };
		EB87FDF31871DA8E0020F90C /* www */ = {isa = PBXFileReference; lastKnownFileType = folder; name = www; path = ../../www; sourceTree = "<group>"; };
		EB87FDF41871DAF40020F90C /* config.xml */ = {isa = PBXFileReference; lastKnownFileType = text.xml; name = config.xml; path = ../../config.xml; sourceTree = "<group>"; };
		ED33DF2A687741AEAF9F8254 /* Bridging-Header.h */ = {isa = PBXFileReference; fileEncoding = 4; lastKnownFileType = sourcecode.c.h; path = "Bridging-Header.h"; sourceTree = "<group>"; };
		EE8D235C7E4B48408CEC40F4 /* DatePicker.m */ = {isa = PBXFileReference; explicitFileType = undefined; fileEncoding = 4; includeInIndex = 0; lastKnownFileType = sourcecode.c.objc; name = DatePicker.m; path = "cordova-plugin-datepicker/DatePicker.m"; sourceTree = "<group>"; };
		EECD9D25AE80428E94D336C6 /* GCDWebServerURLEncodedFormRequest.h */ = {isa = PBXFileReference; explicitFileType = undefined; fileEncoding = 4; includeInIndex = 0; lastKnownFileType = sourcecode.c.h; name = GCDWebServerURLEncodedFormRequest.h; path = "cordova-plugin-ionic-webview/GCDWebServerURLEncodedFormRequest.h"; sourceTree = "<group>"; };
		EFCCBA6D57B7429189FDE626 /* CDVAssetLibraryFilesystem.h */ = {isa = PBXFileReference; explicitFileType = undefined; fileEncoding = 4; includeInIndex = 0; lastKnownFileType = sourcecode.c.h; name = CDVAssetLibraryFilesystem.h; path = "cordova-plugin-file/CDVAssetLibraryFilesystem.h"; sourceTree = "<group>"; };
		F00F1AF68336489BB10DAE61 /* CDVInAppBrowserOptions.h */ = {isa = PBXFileReference; explicitFileType = undefined; fileEncoding = 4; includeInIndex = 0; lastKnownFileType = sourcecode.c.h; name = CDVInAppBrowserOptions.h; path = "cordova-plugin-inappbrowser/CDVInAppBrowserOptions.h"; sourceTree = "<group>"; };
		F2F210728CF54D7B846E340D /* CDVDevice.h */ = {isa = PBXFileReference; explicitFileType = undefined; fileEncoding = 4; includeInIndex = 0; lastKnownFileType = sourcecode.c.h; name = CDVDevice.h; path = "cordova-plugin-device/CDVDevice.h"; sourceTree = "<group>"; };
		F840E1F0165FE0F500CFE078 /* config.xml */ = {isa = PBXFileReference; lastKnownFileType = text.xml; name = config.xml; path = "Invasive Alien Species Europe/config.xml"; sourceTree = "<group>"; };
		F9AC4F430F794983A26C683B /* GCDWebServerFileRequest.h */ = {isa = PBXFileReference; explicitFileType = undefined; fileEncoding = 4; includeInIndex = 0; lastKnownFileType = sourcecode.c.h; name = GCDWebServerFileRequest.h; path = "cordova-plugin-ionic-webview/GCDWebServerFileRequest.h"; sourceTree = "<group>"; };
		FCF104281C4846C6B8716914 /* GCDWebServerRequest.m */ = {isa = PBXFileReference; explicitFileType = undefined; fileEncoding = 4; includeInIndex = 0; lastKnownFileType = sourcecode.c.objc; name = GCDWebServerRequest.m; path = "cordova-plugin-ionic-webview/GCDWebServerRequest.m"; sourceTree = "<group>"; };
		D399C276B5BF45A58BF935AF /* UIImage+CropScaleOrientation.m */ = {isa = PBXFileReference; name = "UIImage+CropScaleOrientation.m"; path = "cordova-plugin-camera/UIImage+CropScaleOrientation.m"; sourceTree = "<group>"; fileEncoding = 4; lastKnownFileType = sourcecode.c.objc; explicitFileType = undefined; includeInIndex = 0; };
		03C86FF45C9E4972B4FF39B4 /* CDVCamera.m */ = {isa = PBXFileReference; name = "CDVCamera.m"; path = "cordova-plugin-camera/CDVCamera.m"; sourceTree = "<group>"; fileEncoding = 4; lastKnownFileType = sourcecode.c.objc; explicitFileType = undefined; includeInIndex = 0; };
		1A220FBE0D1841CB85C904D7 /* CDVJpegHeaderWriter.m */ = {isa = PBXFileReference; name = "CDVJpegHeaderWriter.m"; path = "cordova-plugin-camera/CDVJpegHeaderWriter.m"; sourceTree = "<group>"; fileEncoding = 4; lastKnownFileType = sourcecode.c.objc; explicitFileType = undefined; includeInIndex = 0; };
		AB28683E5A934B43BCC0D487 /* UIImage+CropScaleOrientation.h */ = {isa = PBXFileReference; name = "UIImage+CropScaleOrientation.h"; path = "cordova-plugin-camera/UIImage+CropScaleOrientation.h"; sourceTree = "<group>"; fileEncoding = 4; lastKnownFileType = sourcecode.c.h; explicitFileType = undefined; includeInIndex = 0; };
		C717732AD8094EE180BD6FD0 /* CDVCamera.h */ = {isa = PBXFileReference; name = "CDVCamera.h"; path = "cordova-plugin-camera/CDVCamera.h"; sourceTree = "<group>"; fileEncoding = 4; lastKnownFileType = sourcecode.c.h; explicitFileType = undefined; includeInIndex = 0; };
		CD4706BE2B5D4919A073C4FB /* CDVJpegHeaderWriter.h */ = {isa = PBXFileReference; name = "CDVJpegHeaderWriter.h"; path = "cordova-plugin-camera/CDVJpegHeaderWriter.h"; sourceTree = "<group>"; fileEncoding = 4; lastKnownFileType = sourcecode.c.h; explicitFileType = undefined; includeInIndex = 0; };
		0B64ADC691A14626A7D999B0 /* CDVExif.h */ = {isa = PBXFileReference; name = "CDVExif.h"; path = "cordova-plugin-camera/CDVExif.h"; sourceTree = "<group>"; fileEncoding = 4; lastKnownFileType = sourcecode.c.h; explicitFileType = undefined; includeInIndex = 0; };
		A4015F8CC2364F678967FDA9 /* ImageIO.framework */ = {isa = PBXFileReference; name = "ImageIO.framework"; path = "System/Library/Frameworks/ImageIO.framework"; sourceTree = SDKROOT; fileEncoding = undefined; lastKnownFileType = wrapper.framework; explicitFileType = undefined; includeInIndex = 0; };
		AC3894A6D0DA405D84482586 /* AVFoundation.framework */ = {isa = PBXFileReference; name = "AVFoundation.framework"; path = "System/Library/Frameworks/AVFoundation.framework"; sourceTree = SDKROOT; fileEncoding = undefined; lastKnownFileType = wrapper.framework; explicitFileType = undefined; includeInIndex = 0; };
/* End PBXFileReference section */

/* Begin PBXFrameworksBuildPhase section */
		1D60588F0D05DD3D006BFB54 /* Frameworks */ = {
			isa = PBXFrameworksBuildPhase;
			buildActionMask = 2147483647;
			files = (
				301BF552109A68D80062928A /* libCordova.a in Frameworks */,
				666389B44E0248B0BD222D54 /* WebKit.framework in Frameworks */,
				DF52129BDBCC431DB75CAD37 /* libz.tbd in Frameworks */,
				468CAA754EE744B29A83912E /* CoreLocation.framework in Frameworks */,
				5DDB1F8CED604699877582C3 /* AudioToolbox.framework in Frameworks */,
				E1E945C519A347D3A921E434 /* SystemConfiguration.framework in Frameworks */,
				9A3BB05CD49D4B00B3A0BED7 /* CoreTelephony.framework in Frameworks */,
				F0977ECFD2AF4983AB7D658E /* MediaAccessibility.framework in Frameworks */,
				E7A86E728813421EA41C2B91 /* libECASMobileClientSDK.a in Frameworks */,
				39EE4C468A1343668D43E018 /* ImageIO.framework in Frameworks */,
				3F84822101354772B52CAD31 /* AVFoundation.framework in Frameworks */,
			);
			runOnlyForDeploymentPostprocessing = 0;
		};
/* End PBXFrameworksBuildPhase section */

/* Begin PBXGroup section */
		080E96DDFE201D6D7F000001 /* Classes */ = {
			isa = PBXGroup;
			children = (
				302D95EE14D2391D003F00A1 /* MainViewController.h */,
				302D95EF14D2391D003F00A1 /* MainViewController.m */,
				302D95F014D2391D003F00A1 /* MainViewController.xib */,
				1D3623240D0F684500981E51 /* AppDelegate.h */,
				1D3623250D0F684500981E51 /* AppDelegate.m */,
			);
			name = Classes;
			path = "Invasive Alien Species Europe/Classes";
			sourceTree = SOURCE_ROOT;
		};
		19C28FACFE9D520D11CA2CBB /* Products */ = {
			isa = PBXGroup;
			children = (
				1D6058910D05DD3D006BFB54 /* Invasive Alien Species Europe.app */,
			);
			name = Products;
			sourceTree = "<group>";
		};
		29B97314FDCFA39411CA2CEA /* CustomTemplate */ = {
			isa = PBXGroup;
			children = (
				EB87FDF41871DAF40020F90C /* config.xml */,
				EB87FDF31871DA8E0020F90C /* www */,
				EB87FDF11871DA420020F90C /* Staging */,
				301BF52D109A57CC0062928A /* CordovaLib.xcodeproj */,
				080E96DDFE201D6D7F000001 /* Classes */,
				307C750510C5A3420062BCA9 /* Plugins */,
				29B97315FDCFA39411CA2CEA /* Other Sources */,
				29B97317FDCFA39411CA2CEA /* Resources */,
				29B97323FDCFA39411CA2CEA /* Frameworks */,
				19C28FACFE9D520D11CA2CBB /* Products */,
			);
			name = CustomTemplate;
			sourceTree = "<group>";
		};
		29B97315FDCFA39411CA2CEA /* Other Sources */ = {
			isa = PBXGroup;
			children = (
				32CA4F630368D1EE00C91783 /* Invasive Alien Species Europe-Prefix.pch */,
				29B97316FDCFA39411CA2CEA /* main.m */,
				ED33DF2A687741AEAF9F8254 /* Bridging-Header.h */,
			);
			name = "Other Sources";
			path = "Invasive Alien Species Europe";
			sourceTree = "<group>";
		};
		29B97317FDCFA39411CA2CEA /* Resources */ = {
			isa = PBXGroup;
			children = (
				0207DA571B56EA530066E2B4 /* Images.xcassets */,
				3047A50E1AB8057F00498E2A /* config */,
				8D1107310486CEB800E47090 /* Invasive Alien Species Europe-Info.plist */,
				6AFF5BF81D6E424B00AB3073 /* CDVLaunchScreen.storyboard */,
				7E9B6FA4AD7F4F40A498B9F9 /* DatePicker.xib */,
				52E0D4DFE33342C1814791EA /* CDVNotification.bundle */,
			);
			name = Resources;
			path = "Invasive Alien Species Europe/Resources";
			sourceTree = "<group>";
		};
		29B97323FDCFA39411CA2CEA /* Frameworks */ = {
			isa = PBXGroup;
			children = (
				04E040092AD1454BB7D77018 /* WebKit.framework */,
				9B4160AE80CF4D18BB4A2425 /* libz.tbd */,
				76467BBF005540C2A4740826 /* CoreLocation.framework */,
				2296A9F63BD64DB78D030B6C /* AudioToolbox.framework */,
				7A6E913C30354ECDAB6A6D91 /* SystemConfiguration.framework */,
				B425938C6C9F421386206142 /* CoreTelephony.framework */,
				5B14241249D2402C81EC5DB7 /* MediaAccessibility.framework */,
				603A836B4B6E4813BAA666F3 /* libECASMobileClientSDK.a */,
				A4015F8CC2364F678967FDA9 /* ImageIO.framework */,
				AC3894A6D0DA405D84482586 /* AVFoundation.framework */,
			);
			name = Frameworks;
			sourceTree = "<group>";
		};
		301BF52E109A57CC0062928A /* Products */ = {
			isa = PBXGroup;
			children = (
				301BF535109A57CC0062928A /* libCordova.a */,
				907D8124214C687600058A10 /* Cordova.framework */,
			);
			name = Products;
			sourceTree = "<group>";
		};
		3047A50E1AB8057F00498E2A /* config */ = {
			isa = PBXGroup;
			children = (
				3047A50F1AB8059700498E2A /* build-debug.xcconfig */,
				3047A5101AB8059700498E2A /* build-release.xcconfig */,
				3047A5111AB8059700498E2A /* build.xcconfig */,
			);
			name = config;
			sourceTree = "<group>";
		};
		307C750510C5A3420062BCA9 /* Plugins */ = {
			isa = PBXGroup;
			children = (
				C92AD55910B0434997AAD8C5 /* CDVWKWebViewEngine.m */,
				9E9A4EC4DE9247DF9A3ADCC0 /* CDVWKWebViewUIDelegate.m */,
				71FDE1CD21E44236839003F1 /* CDVWKProcessPoolFactory.m */,
				C48CBE0769A343A4BC338CF2 /* GCDWebServer.m */,
				823ECAB64C2B4AA497CFCDC7 /* GCDWebServerConnection.m */,
				27691D62B1E040FF90BB6FEF /* GCDWebServerFunctions.m */,
				FCF104281C4846C6B8716914 /* GCDWebServerRequest.m */,
				D042E8E6F03747E88D362EEF /* GCDWebServerResponse.m */,
				94453150B7044386BE1C7FDC /* GCDWebServerDataRequest.m */,
				9E7E2E70C8B146E1BE95BD84 /* GCDWebServerFileRequest.m */,
				011263A3F78D4808AC225338 /* GCDWebServerMultiPartFormRequest.m */,
				1F7A0B1C2EF14721871BB88A /* GCDWebServerURLEncodedFormRequest.m */,
				80606D4666D5472890FC80C3 /* GCDWebServerDataResponse.m */,
				A4A968ACFF3C4884B673CE80 /* GCDWebServerErrorResponse.m */,
				6C351EFA2A14413DA970A4EA /* GCDWebServerFileResponse.m */,
				4AF5BE5CDF9A4920A6D7922D /* GCDWebServerStreamedResponse.m */,
				DF2F34DE578E4521A5DD153F /* CDVWKWebViewEngine.h */,
				4AC0F1D47F28431990AD7B1A /* CDVWKWebViewUIDelegate.h */,
				7B469E03EE1F481182E04000 /* CDVWKProcessPoolFactory.h */,
				3E6B227FFBFA4113B23FCD39 /* GCDWebServer.h */,
				1BAE14F1229F40F6A827E959 /* GCDWebServerConnection.h */,
				D64CF3856AF0480B9131A515 /* GCDWebServerFunctions.h */,
				899DC78384E5475282D72479 /* GCDWebServerHTTPStatusCodes.h */,
				2B340B3D5B9645E4A6E9858C /* GCDWebServerPrivate.h */,
				8B4B704D96AA49AFBF21227B /* GCDWebServerRequest.h */,
				434A625D3EBB4215BA4C2C39 /* GCDWebServerResponse.h */,
				83408B241E9445EC8FC1A2E2 /* GCDWebServerDataRequest.h */,
				F9AC4F430F794983A26C683B /* GCDWebServerFileRequest.h */,
				CF07F174CDCC41D3A8AD111C /* GCDWebServerMultiPartFormRequest.h */,
				EECD9D25AE80428E94D336C6 /* GCDWebServerURLEncodedFormRequest.h */,
				3E6198B71C054440AA2133E6 /* GCDWebServerDataResponse.h */,
				96DD02D9A6E04235BBC47278 /* GCDWebServerErrorResponse.h */,
				294D3835246F4BF29113B15E /* GCDWebServerFileResponse.h */,
				4B0985D9EEA24F34A9179D0E /* GCDWebServerStreamedResponse.h */,
				EE8D235C7E4B48408CEC40F4 /* DatePicker.m */,
				0B38F79E195847E6B031BAA5 /* DatePicker.h */,
				6E6A28EABBAF41A094E86B96 /* CDVDevice.m */,
				F2F210728CF54D7B846E340D /* CDVDevice.h */,
				1E8261C0CB9945718763DC7F /* CDVNotification.m */,
				BA101FE0CE134AC2AD4832FD /* CDVNotification.h */,
				9B057CEF79F74F73900F1C26 /* CDVFile.m */,
				57FA9A6403D949DBADF7FC84 /* CDVLocalFilesystem.m */,
				E75C674912164B5CAC35C891 /* CDVAssetLibraryFilesystem.m */,
				4260436990BE4D7FA8803963 /* CDVFile.h */,
				E7FC94B2C10C4129BEE618A4 /* CDVLocalFilesystem.h */,
				EFCCBA6D57B7429189FDE626 /* CDVAssetLibraryFilesystem.h */,
				AB53168849E947B0AE229257 /* CDVFileHash.m */,
				40A7D1DB1F254091AE989667 /* CDVFileHash.h */,
				7F51A08506384F3E9D7B6C49 /* CDVLocation.m */,
				D8DE962DEEBC476A8212148F /* CDVLocation.h */,
				1EB70ED3E931429E9E4048B7 /* CDVGlobalization.m */,
				96FC762FFD094B8287698257 /* CDVGlobalization.h */,
				3B4609887AAA4318A7492DC6 /* CDVInAppBrowser.m */,
				376117EB2CB549DFBCF3AD6E /* CDVInAppBrowserOptions.m */,
				678688E8564C4238935755EB /* CDVInAppBrowserNavigationController.m */,
				AFAF913CBCC0461E8E26240C /* CDVUIInAppBrowser.m */,
				265CCDCC6E0C4F1B84BB4AF4 /* CDVWKInAppBrowser.m */,
				A1A4529D151640409314A1B4 /* CDVWKInAppBrowserUIDelegate.m */,
				B18E38E641EA48CE8CC95E30 /* CDVInAppBrowser.h */,
				F00F1AF68336489BB10DAE61 /* CDVInAppBrowserOptions.h */,
				87671149F6144BA1B3FE0533 /* CDVInAppBrowserNavigationController.h */,
				B5A3E2C11AAF4B0497EFF279 /* CDVUIInAppBrowser.h */,
				78871FE4E9B440318614BBA5 /* CDVWKInAppBrowser.h */,
				0457E62EC13C499E802801A0 /* CDVWKInAppBrowserUIDelegate.h */,
				01599BF8F3624095BCBA595C /* CDVConnection.m */,
				160A818EE4CA4ADAAFBDA88C /* CDVReachability.m */,
				881AA2660C7A425F96B30AB8 /* CDVConnection.h */,
				7C4519A5DD794ADFACF6B6B3 /* CDVReachability.h */,
				72DBD9EE9B104FED9B4FC308 /* CDVSplashScreen.m */,
				9F8831299D014AA2AAFA9A04 /* CDVViewController+SplashScreen.m */,
				5CB80242F0BC4D8185158259 /* CDVSplashScreen.h */,
				684E3D999EC74155808238A1 /* CDVViewController+SplashScreen.h */,
				9B7261D7A4FC4A648C2E55DD /* CDVStatusBar.m */,
				37D5C1AE700B4C83B5D63643 /* CDVStatusBar.h */,
				7B334AD89CE54A57BD2AC401 /* SQLitePlugin.m */,
				82A6976D4E2D45258B5ED085 /* CustomPSPDFThreadSafeMutableDictionary.m */,
				04BE7C31055746E7B5D748EA /* sqlite3.c */,
				C52C4F8BB5E347478A4C0D84 /* SQLitePlugin.h */,
				11ACA53B20704ABD8FA8BF4A /* sqlite3.h */,
				0535F702E4614A5F9A437C47 /* IonicKeyboard.m */,
				032F8A63CABE4FD58E74B37A /* IonicKeyboard.h */,
				E7DCBC666D63449F8AE1A9AD /* CDVMobileAccessibility.m */,
				4A4DE6BB22154281AFA0DAA1 /* CDVMobileAccessibility.h */,
				1967CE94125E4E6AB83E402E /* ECASMobilePlugin.m */,
				77A2F48040F240E4BFB9296A /* ECASMobilePlugin.h */,
				DCC7EC6CB9564AC09F21125C /* CASAuthenticationDelegate.h */,
				336B9306080A4E2DAE61F4A7 /* CASAuthenticationView.h */,
				96F9D1AD16474660BF52584B /* CASCommonUtils.h */,
				5005972B70994E83A45300BE /* CASLog.h */,
				0B9F5CEE5D7148C68B77E1A3 /* ECASMobile.h */,
				21DB76C4505B41AB8671FDD3 /* NSURLRequest+CAS.h */,
				9D01D8B258884EFFB2242AE8 /* CDVWKWebViewFileXhr.m */,
				5D7DD710297C4511AF51082B /* CDVWKWebViewFileXhr.h */,
				6EFFD51550F74B70880F224F /* SignInWithApple.h */,
				01DB99A718AB4BB486A26E08 /* SignInWithApple.m */,
				D399C276B5BF45A58BF935AF /* UIImage+CropScaleOrientation.m */,
				03C86FF45C9E4972B4FF39B4 /* CDVCamera.m */,
				1A220FBE0D1841CB85C904D7 /* CDVJpegHeaderWriter.m */,
				AB28683E5A934B43BCC0D487 /* UIImage+CropScaleOrientation.h */,
				C717732AD8094EE180BD6FD0 /* CDVCamera.h */,
				CD4706BE2B5D4919A073C4FB /* CDVJpegHeaderWriter.h */,
				0B64ADC691A14626A7D999B0 /* CDVExif.h */,
			);
			name = Plugins;
			path = "Invasive Alien Species Europe/Plugins";
			sourceTree = SOURCE_ROOT;
		};
		EB87FDF11871DA420020F90C /* Staging */ = {
			isa = PBXGroup;
			children = (
				F840E1F0165FE0F500CFE078 /* config.xml */,
				301BF56E109A69640062928A /* www */,
			);
			name = Staging;
			sourceTree = "<group>";
		};
/* End PBXGroup section */

/* Begin PBXNativeTarget section */
		1D6058900D05DD3D006BFB54 /* Invasive Alien Species Europe */ = {
			isa = PBXNativeTarget;
			buildConfigurationList = 1D6058960D05DD3E006BFB54 /* Build configuration list for PBXNativeTarget "Invasive Alien Species Europe" */;
			buildPhases = (
				304B58A110DAC018002A0835 /* Copy www directory */,
				1D60588D0D05DD3D006BFB54 /* Resources */,
				1D60588E0D05DD3D006BFB54 /* Sources */,
				1D60588F0D05DD3D006BFB54 /* Frameworks */,
			);
			buildRules = (
			);
			dependencies = (
				301BF551109A68C00062928A /* PBXTargetDependency */,
			);
			name = "Invasive Alien Species Europe";
			productName = "Invasive Alien Species Europe";
			productReference = 1D6058910D05DD3D006BFB54 /* Invasive Alien Species Europe.app */;
			productType = "com.apple.product-type.application";
		};
/* End PBXNativeTarget section */

/* Begin PBXProject section */
		29B97313FDCFA39411CA2CEA /* Project object */ = {
			isa = PBXProject;
			attributes = {
				LastUpgradeCheck = 510;
				TargetAttributes = {
					1D6058900D05DD3D006BFB54 = {
						DevelopmentTeam = UAT82LTTPD;
						ProvisioningStyle = Manual;
					};
				};
			};
			buildConfigurationList = C01FCF4E08A954540054247B /* Build configuration list for PBXProject "Invasive Alien Species Europe" */;
			compatibilityVersion = "Xcode 3.2";
			developmentRegion = English;
			hasScannedForEncodings = 1;
			knownRegions = (
				English,
				en,
				Base,
			);
			mainGroup = 29B97314FDCFA39411CA2CEA /* CustomTemplate */;
			projectDirPath = "";
			projectReferences = (
				{
					ProductGroup = 301BF52E109A57CC0062928A /* Products */;
					ProjectRef = 301BF52D109A57CC0062928A /* CordovaLib.xcodeproj */;
				},
			);
			projectRoot = "";
			targets = (
				1D6058900D05DD3D006BFB54 /* Invasive Alien Species Europe */,
			);
		};
/* End PBXProject section */

/* Begin PBXReferenceProxy section */
		301BF535109A57CC0062928A /* libCordova.a */ = {
			isa = PBXReferenceProxy;
			fileType = archive.ar;
			path = libCordova.a;
			remoteRef = 301BF534109A57CC0062928A /* PBXContainerItemProxy */;
			sourceTree = BUILT_PRODUCTS_DIR;
		};
		907D8124214C687600058A10 /* Cordova.framework */ = {
			isa = PBXReferenceProxy;
			fileType = wrapper.framework;
			path = Cordova.framework;
			remoteRef = 907D8123214C687600058A10 /* PBXContainerItemProxy */;
			sourceTree = BUILT_PRODUCTS_DIR;
		};
/* End PBXReferenceProxy section */

/* Begin PBXResourcesBuildPhase section */
		1D60588D0D05DD3D006BFB54 /* Resources */ = {
			isa = PBXResourcesBuildPhase;
			buildActionMask = 2147483647;
			files = (
				302D95F214D2391D003F00A1 /* MainViewController.xib in Resources */,
				0207DA581B56EA530066E2B4 /* Images.xcassets in Resources */,
				6AFF5BF91D6E424B00AB3073 /* CDVLaunchScreen.storyboard in Resources */,
				6E8734DAE6204D458FE230C9 /* DatePicker.xib in Resources */,
				228124C8C01E4C0BAAB83610 /* CDVNotification.bundle in Resources */,
			);
			runOnlyForDeploymentPostprocessing = 0;
		};
/* End PBXResourcesBuildPhase section */

/* Begin PBXShellScriptBuildPhase section */
		304B58A110DAC018002A0835 /* Copy www directory */ = {
			isa = PBXShellScriptBuildPhase;
			buildActionMask = 2147483647;
			files = (
			);
			inputPaths = (
			);
			name = "Copy www directory";
			outputPaths = (
			);
			runOnlyForDeploymentPostprocessing = 0;
			shellPath = /bin/sh;
			shellScript = "\"$SRCROOT/Invasive Alien Species Europe/Scripts/copy-www-build-step.sh\"";
			showEnvVarsInLog = 0;
		};
/* End PBXShellScriptBuildPhase section */

/* Begin PBXSourcesBuildPhase section */
		1D60588E0D05DD3D006BFB54 /* Sources */ = {
			isa = PBXSourcesBuildPhase;
			buildActionMask = 2147483647;
			files = (
				1D60589B0D05DD56006BFB54 /* main.m in Sources */,
				1D3623260D0F684500981E51 /* AppDelegate.m in Sources */,
				302D95F114D2391D003F00A1 /* MainViewController.m in Sources */,
				E080BC0D6C1146488AEF0881 /* CDVWKWebViewEngine.m in Sources */,
				039FF9E3E62146769309D088 /* CDVWKWebViewUIDelegate.m in Sources */,
				556F1BDFD93A4ADA9C4852E2 /* CDVWKProcessPoolFactory.m in Sources */,
				DA5A5EBC09CE4094B8069C57 /* GCDWebServer.m in Sources */,
				1EB88391188044D1916C0DDF /* GCDWebServerConnection.m in Sources */,
				9E559FEF23744889AD722959 /* GCDWebServerFunctions.m in Sources */,
				CB9A1480CF5E44979E31D9A7 /* GCDWebServerRequest.m in Sources */,
				3336B7F80EF8406B8AA0295B /* GCDWebServerResponse.m in Sources */,
				7B7A7D96A7534F6493BF70E2 /* GCDWebServerDataRequest.m in Sources */,
				78E3DB278B924A6E9891D429 /* GCDWebServerFileRequest.m in Sources */,
				F384679E79804EE0BCA011BB /* GCDWebServerMultiPartFormRequest.m in Sources */,
				EA4E0969FF094C569F7EC063 /* GCDWebServerURLEncodedFormRequest.m in Sources */,
				936B63B21E0447B3B7D704DB /* GCDWebServerDataResponse.m in Sources */,
				4AA029FF88714B7EA514CE54 /* GCDWebServerErrorResponse.m in Sources */,
				1E99C5458E3F48AE961E1F74 /* GCDWebServerFileResponse.m in Sources */,
				0FBEB331019642EEA9611F5B /* GCDWebServerStreamedResponse.m in Sources */,
				5FCC9F167EF247E9BC94C6AE /* DatePicker.m in Sources */,
				37FA5B17FF1043408CDC722E /* CDVDevice.m in Sources */,
				EC8304F4F9F04C739665A518 /* CDVNotification.m in Sources */,
				7E4052A2D7E14AB58A82C78E /* CDVFile.m in Sources */,
				203AC9DC286B4F8A8A99E5DB /* CDVLocalFilesystem.m in Sources */,
				B6246D41A75348CF8CF6C6BE /* CDVAssetLibraryFilesystem.m in Sources */,
				606A8AF13CEF4042980BA576 /* CDVFileHash.m in Sources */,
				D054281740954A03B07CAE34 /* CDVLocation.m in Sources */,
				03C673CD20DC471AA93B4063 /* CDVGlobalization.m in Sources */,
				7BFB185AA87F46BDBE10A49D /* CDVInAppBrowser.m in Sources */,
				F7659406B005466A8F6F1336 /* CDVInAppBrowserOptions.m in Sources */,
				29693B8980E243249319EE4E /* CDVInAppBrowserNavigationController.m in Sources */,
				64FBF06B93394DE7988421C6 /* CDVUIInAppBrowser.m in Sources */,
				FBD761FAC70E491D81D77D92 /* CDVWKInAppBrowser.m in Sources */,
				D934DFB92B4E489F8BF222BD /* CDVWKInAppBrowserUIDelegate.m in Sources */,
				C6D75BE4B1B44AED86874189 /* CDVConnection.m in Sources */,
				832EAD266DA4435CBAAEAD20 /* CDVReachability.m in Sources */,
				0BD973691C31428D94DCA43F /* CDVSplashScreen.m in Sources */,
				D33ECC00B8F848EDB552F400 /* CDVViewController+SplashScreen.m in Sources */,
				2C7C2DA1630F45799EC7D583 /* CDVStatusBar.m in Sources */,
				252C1D9953EC47388D37F958 /* SQLitePlugin.m in Sources */,
				44D9035ACE68401E89A470C0 /* CustomPSPDFThreadSafeMutableDictionary.m in Sources */,
				0CE392B0567548D3A949EC7A /* sqlite3.c in Sources */,
				FD10C02B83484A76AB17A5BF /* IonicKeyboard.m in Sources */,
				EA5D89DFF55E40E5AFB12259 /* CDVMobileAccessibility.m in Sources */,
				624C5560A90E453A93C69CDA /* ECASMobilePlugin.m in Sources */,
				026B513FF16D466B9ED96BE3 /* CDVWKWebViewFileXhr.m in Sources */,
				B4C7932062934BA4B6282175 /* SignInWithApple.h in Sources */,
				71FB72B7171A411993161DB4 /* SignInWithApple.m in Sources */,
				964EE9984BB54F65A9069AC8 /* UIImage+CropScaleOrientation.m in Sources */,
				F061D602C82F427BB4472602 /* CDVCamera.m in Sources */,
				7CB5789AB257401A9404DBBE /* CDVJpegHeaderWriter.m in Sources */,
			);
			runOnlyForDeploymentPostprocessing = 0;
		};
/* End PBXSourcesBuildPhase section */

/* Begin PBXTargetDependency section */
		301BF551109A68C00062928A /* PBXTargetDependency */ = {
			isa = PBXTargetDependency;
			name = CordovaLib;
			targetProxy = 301BF550109A68C00062928A /* PBXContainerItemProxy */;
		};
/* End PBXTargetDependency section */

/* Begin XCBuildConfiguration section */
		1D6058940D05DD3E006BFB54 /* Debug */ = {
			isa = XCBuildConfiguration;
			baseConfigurationReference = 3047A50F1AB8059700498E2A /* build-debug.xcconfig */;
			buildSettings = {
				ALWAYS_SEARCH_USER_PATHS = NO;
				ASSETCATALOG_COMPILER_APPICON_NAME = AppIcon;
				CLANG_ENABLE_MODULES = YES;
				CLANG_ENABLE_OBJC_ARC = YES;
				CODE_SIGN_IDENTITY = "iPhone Developer";
				CODE_SIGN_STYLE = Manual;
				COPY_PHASE_STRIP = NO;
				CURRENT_PROJECT_VERSION = 5.0.0;
				DEVELOPMENT_TEAM = UAT82LTTPD;
				GCC_DYNAMIC_NO_PIC = NO;
				GCC_OPTIMIZATION_LEVEL = 0;
				GCC_PRECOMPILE_PREFIX_HEADER = YES;
				GCC_PREFIX_HEADER = "Invasive Alien Species Europe/Invasive Alien Species Europe-Prefix.pch";
				GCC_THUMB_SUPPORT = NO;
				GCC_VERSION = "";
				INFOPLIST_FILE = "Invasive Alien Species Europe/Invasive Alien Species Europe-Info.plist";
				IPHONEOS_DEPLOYMENT_TARGET = 10.0;
				LD_RUNPATH_SEARCH_PATHS = "@executable_path/Frameworks";
				LIBRARY_SEARCH_PATHS = (
					"$(inherited)",
					"\"$(SRCROOT)/$(TARGET_NAME)/Plugins/eu.europa.ec.ecas\"",
				);
				MARKETING_VERSION = 5.0.0;
				PRODUCT_BUNDLE_IDENTIFIER = eu.europa.publications.mygeossias;
				PRODUCT_NAME = "$(TARGET_NAME)";
				PROVISIONING_PROFILE_SPECIFIER = "Invasive Alien Species in Europe";
				TARGETED_DEVICE_FAMILY = "1,2";
			};
			name = Debug;
		};
		1D6058950D05DD3E006BFB54 /* Release */ = {
			isa = XCBuildConfiguration;
			baseConfigurationReference = 3047A5101AB8059700498E2A /* build-release.xcconfig */;
			buildSettings = {
				ALWAYS_SEARCH_USER_PATHS = NO;
				ASSETCATALOG_COMPILER_APPICON_NAME = AppIcon;
				CLANG_ENABLE_MODULES = YES;
				CLANG_ENABLE_OBJC_ARC = YES;
				CODE_SIGN_IDENTITY = "iPhone Distribution";
				CODE_SIGN_STYLE = Manual;
				COPY_PHASE_STRIP = YES;
				CURRENT_PROJECT_VERSION = 5.0.0;
				DEVELOPMENT_TEAM = UAT82LTTPD;
				GCC_PRECOMPILE_PREFIX_HEADER = YES;
				GCC_PREFIX_HEADER = "Invasive Alien Species Europe/Invasive Alien Species Europe-Prefix.pch";
				GCC_THUMB_SUPPORT = NO;
				GCC_VERSION = "";
				INFOPLIST_FILE = "Invasive Alien Species Europe/Invasive Alien Species Europe-Info.plist";
				IPHONEOS_DEPLOYMENT_TARGET = 10.0;
				LD_RUNPATH_SEARCH_PATHS = "@executable_path/Frameworks";
				LIBRARY_SEARCH_PATHS = (
					"$(inherited)",
					"\"$(SRCROOT)/$(TARGET_NAME)/Plugins/eu.europa.ec.ecas\"",
				);
				MARKETING_VERSION = 5.0.0;
				PRODUCT_BUNDLE_IDENTIFIER = eu.europa.publications.mygeossias;
				PRODUCT_NAME = "$(TARGET_NAME)";
				PROVISIONING_PROFILE_SPECIFIER = "Invasive Alien Species in Europe";
				TARGETED_DEVICE_FAMILY = "1,2";
			};
			name = Release;
		};
		C01FCF4F08A954540054247B /* Debug */ = {
			isa = XCBuildConfiguration;
			baseConfigurationReference = 3047A5111AB8059700498E2A /* build.xcconfig */;
			buildSettings = {
				CLANG_ENABLE_MODULES = YES;
				CLANG_ENABLE_OBJC_ARC = YES;
				CLANG_WARN_BLOCK_CAPTURE_AUTORELEASING = YES;
				CLANG_WARN_BOOL_CONVERSION = YES;
				CLANG_WARN_COMMA = YES;
				CLANG_WARN_CONSTANT_CONVERSION = YES;
				CLANG_WARN_DEPRECATED_OBJC_IMPLEMENTATIONS = YES;
				CLANG_WARN_EMPTY_BODY = YES;
				CLANG_WARN_ENUM_CONVERSION = YES;
				CLANG_WARN_INFINITE_RECURSION = YES;
				CLANG_WARN_INT_CONVERSION = YES;
				CLANG_WARN_NON_LITERAL_NULL_CONVERSION = YES;
				CLANG_WARN_OBJC_IMPLICIT_RETAIN_SELF = YES;
				CLANG_WARN_OBJC_LITERAL_CONVERSION = YES;
				CLANG_WARN_RANGE_LOOP_ANALYSIS = YES;
				CLANG_WARN_STRICT_PROTOTYPES = YES;
				CLANG_WARN_SUSPICIOUS_MOVE = YES;
				CLANG_WARN_UNREACHABLE_CODE = YES;
				CLANG_WARN__DUPLICATE_METHOD_MATCH = YES;
				ENABLE_STRICT_OBJC_MSGSEND = YES;
				ENABLE_TESTABILITY = YES;
				GCC_C_LANGUAGE_STANDARD = c99;
				GCC_NO_COMMON_BLOCKS = YES;
				GCC_THUMB_SUPPORT = NO;
				GCC_VERSION = "";
				GCC_WARN_64_TO_32_BIT_CONVERSION = YES;
				GCC_WARN_ABOUT_RETURN_TYPE = YES;
				GCC_WARN_UNDECLARED_SELECTOR = YES;
				GCC_WARN_UNINITIALIZED_AUTOS = YES;
				GCC_WARN_UNUSED_FUNCTION = YES;
				GCC_WARN_UNUSED_VARIABLE = YES;
				ONLY_ACTIVE_ARCH = YES;
				PRODUCT_BUNDLE_IDENTIFIER = eu.europa.publications.mygeossias;
				SDKROOT = iphoneos;
				SKIP_INSTALL = NO;
				WK_WEB_VIEW_ONLY = 0;
			};
			name = Debug;
		};
		C01FCF5008A954540054247B /* Release */ = {
			isa = XCBuildConfiguration;
			baseConfigurationReference = 3047A5111AB8059700498E2A /* build.xcconfig */;
			buildSettings = {
				CLANG_ENABLE_MODULES = YES;
				CLANG_ENABLE_OBJC_ARC = YES;
				CLANG_WARN_BLOCK_CAPTURE_AUTORELEASING = YES;
				CLANG_WARN_BOOL_CONVERSION = YES;
				CLANG_WARN_COMMA = YES;
				CLANG_WARN_CONSTANT_CONVERSION = YES;
				CLANG_WARN_DEPRECATED_OBJC_IMPLEMENTATIONS = YES;
				CLANG_WARN_EMPTY_BODY = YES;
				CLANG_WARN_ENUM_CONVERSION = YES;
				CLANG_WARN_INFINITE_RECURSION = YES;
				CLANG_WARN_INT_CONVERSION = YES;
				CLANG_WARN_NON_LITERAL_NULL_CONVERSION = YES;
				CLANG_WARN_OBJC_IMPLICIT_RETAIN_SELF = YES;
				CLANG_WARN_OBJC_LITERAL_CONVERSION = YES;
				CLANG_WARN_RANGE_LOOP_ANALYSIS = YES;
				CLANG_WARN_STRICT_PROTOTYPES = YES;
				CLANG_WARN_SUSPICIOUS_MOVE = YES;
				CLANG_WARN_UNREACHABLE_CODE = YES;
				CLANG_WARN__DUPLICATE_METHOD_MATCH = YES;
				ENABLE_STRICT_OBJC_MSGSEND = YES;
				GCC_C_LANGUAGE_STANDARD = c99;
				GCC_NO_COMMON_BLOCKS = YES;
				GCC_THUMB_SUPPORT = NO;
				GCC_VERSION = "";
				GCC_WARN_64_TO_32_BIT_CONVERSION = YES;
				GCC_WARN_ABOUT_RETURN_TYPE = YES;
				GCC_WARN_UNDECLARED_SELECTOR = YES;
				GCC_WARN_UNINITIALIZED_AUTOS = YES;
				GCC_WARN_UNUSED_FUNCTION = YES;
				GCC_WARN_UNUSED_VARIABLE = YES;
				PRODUCT_BUNDLE_IDENTIFIER = eu.europa.publications.mygeossias;
				SDKROOT = iphoneos;
				SKIP_INSTALL = NO;
				WK_WEB_VIEW_ONLY = 0;
			};
			name = Release;
		};
/* End XCBuildConfiguration section */

/* Begin XCConfigurationList section */
		1D6058960D05DD3E006BFB54 /* Build configuration list for PBXNativeTarget "Invasive Alien Species Europe" */ = {
			isa = XCConfigurationList;
			buildConfigurations = (
				1D6058940D05DD3E006BFB54 /* Debug */,
				1D6058950D05DD3E006BFB54 /* Release */,
			);
			defaultConfigurationIsVisible = 0;
			defaultConfigurationName = Release;
		};
		C01FCF4E08A954540054247B /* Build configuration list for PBXProject "Invasive Alien Species Europe" */ = {
			isa = XCConfigurationList;
			buildConfigurations = (
				C01FCF4F08A954540054247B /* Debug */,
				C01FCF5008A954540054247B /* Release */,
			);
			defaultConfigurationIsVisible = 0;
			defaultConfigurationName = Release;
		};
/* End XCConfigurationList section */
	};
	rootObject = 29B97313FDCFA39411CA2CEA /* Project object */;
}
